
Microsoft Visual Studio Solution File, Format Version 12.00
# Visual Studio Version 16
VisualStudioVersion = 16.0.30002.166
MinimumVisualStudioVersion = 10.0.40219.1
Project("{9A19103F-16F7-4668-BE54-9A1E7A4F7556}") = "HRCMS", "HRCMS\HRCMS.csproj", "{EBBAEF94-3EA5-49EB-8E8F-EB1B6DF8A41D}"
EndProject
Project("{FAE04EC0-301F-11D3-BF4B-00C04F79EFBC}") = "SimpleWebApi2", "SimpleWebApi2\SimpleWebApi2.csproj", "{160E7A91-C624-4270-A6D9-0505A75CEEEC}"
EndProject
Global
	GlobalSection(SolutionConfigurationPlatforms) = preSolution
		Acceptance|Any CPU = Acceptance|Any CPU
		Debug|Any CPU = Debug|Any CPU
		Release|Any CPU = Release|Any CPU
	EndGlobalSection
	GlobalSection(ProjectConfigurationPlatforms) = postSolution
		{EBBAEF94-3EA5-49EB-8E8F-EB1B6DF8A41D}.Acceptance|Any CPU.ActiveCfg = Debug|Any CPU
		{EBBAEF94-3EA5-49EB-8E8F-EB1B6DF8A41D}.Acceptance|Any CPU.Build.0 = Debug|Any CPU
		{EBBAEF94-3EA5-49EB-8E8F-EB1B6DF8A41D}.Debug|Any CPU.ActiveCfg = Debug|Any CPU
		{EBBAEF94-3EA5-49EB-8E8F-EB1B6DF8A41D}.Debug|Any CPU.Build.0 = Debug|Any CPU
		{EBBAEF94-3EA5-49EB-8E8F-EB1B6DF8A41D}.Release|Any CPU.ActiveCfg = Release|Any CPU
		{EBBAEF94-3EA5-49EB-8E8F-EB1B6DF8A41D}.Release|Any CPU.Build.0 = Release|Any CPU
		{160E7A91-C624-4270-A6D9-0505A75CEEEC}.Acceptance|Any CPU.ActiveCfg = Release|Any CPU
		{160E7A91-C624-4270-A6D9-0505A75CEEEC}.Acceptance|Any CPU.Build.0 = Release|Any CPU
		{160E7A91-C624-4270-A6D9-0505A75CEEEC}.Debug|Any CPU.ActiveCfg = Debug|Any CPU
		{160E7A91-C624-4270-A6D9-0505A75CEEEC}.Debug|Any CPU.Build.0 = Debug|Any CPU
		{160E7A91-C624-4270-A6D9-0505A75CEEEC}.Release|Any CPU.ActiveCfg = Release|Any CPU
		{160E7A91-C624-4270-A6D9-0505A75CEEEC}.Release|Any CPU.Build.0 = Release|Any CPU
	EndGlobalSection
	GlobalSection(SolutionProperties) = preSolution
		HideSolutionNode = FALSE
	EndGlobalSection
	GlobalSection(ExtensibilityGlobals) = postSolution
		SolutionGuid = {7A52F81F-6610-415A-B25C-56FC51074B6A}
	EndGlobalSection
EndGlobal
